
Microsoft Visual Studio Solution File, Format Version 12.00
# Visual Studio Version 16
VisualStudioVersion = 16.0.30225.117
MinimumVisualStudioVersion = 10.0.40219.1
Project("{9A19103F-16F7-4668-BE54-9A1E7A4F7556}") = "TranspStrategy", "TranspStrategy.csproj", "{C4171268-797B-4C0A-AD06-66076A37025E}"
EndProject
Project("{FAE04EC0-301F-11D3-BF4B-00C04F79EFBC}") = "UnitTest", "..\UnitTest\UnitTest.csproj", "{6C2F89BD-CEBE-46FB-9FBB-022B73A0FC99}"
EndProject
Project("{FAE04EC0-301F-11D3-BF4B-00C04F79EFBC}") = "TranspNOStrategy", "..\TranspNOStrategy\TranspNOStrategy.csproj", "{0DC6D9EE-4AE1-43C9-9B4F-088EEF8A2CD5}"
EndProject
Global
	GlobalSection(SolutionConfigurationPlatforms) = preSolution
		Debug|Any CPU = Debug|Any CPU
		Release|Any CPU = Release|Any CPU
	EndGlobalSection
	GlobalSection(ProjectConfigurationPlatforms) = postSolution
		{C4171268-797B-4C0A-AD06-66076A37025E}.Debug|Any CPU.ActiveCfg = Debug|Any CPU
		{C4171268-797B-4C0A-AD06-66076A37025E}.Debug|Any CPU.Build.0 = Debug|Any CPU
		{C4171268-797B-4C0A-AD06-66076A37025E}.Release|Any CPU.ActiveCfg = Release|Any CPU
		{C4171268-797B-4C0A-AD06-66076A37025E}.Release|Any CPU.Build.0 = Release|Any CPU
		{6C2F89BD-CEBE-46FB-9FBB-022B73A0FC99}.Debug|Any CPU.ActiveCfg = Debug|Any CPU
		{6C2F89BD-CEBE-46FB-9FBB-022B73A0FC99}.Debug|Any CPU.Build.0 = Debug|Any CPU
		{6C2F89BD-CEBE-46FB-9FBB-022B73A0FC99}.Release|Any CPU.ActiveCfg = Release|Any CPU
		{6C2F89BD-CEBE-46FB-9FBB-022B73A0FC99}.Release|Any CPU.Build.0 = Release|Any CPU
		{0DC6D9EE-4AE1-43C9-9B4F-088EEF8A2CD5}.Debug|Any CPU.ActiveCfg = Debug|Any CPU
		{0DC6D9EE-4AE1-43C9-9B4F-088EEF8A2CD5}.Debug|Any CPU.Build.0 = Debug|Any CPU
		{0DC6D9EE-4AE1-43C9-9B4F-088EEF8A2CD5}.Release|Any CPU.ActiveCfg = Release|Any CPU
		{0DC6D9EE-4AE1-43C9-9B4F-088EEF8A2CD5}.Release|Any CPU.Build.0 = Release|Any CPU
	EndGlobalSection
	GlobalSection(SolutionProperties) = preSolution
		HideSolutionNode = FALSE
	EndGlobalSection
	GlobalSection(ExtensibilityGlobals) = postSolution
		SolutionGuid = {66667213-4452-4AE2-96EA-6B07801F581B}
	EndGlobalSection
EndGlobal
